
Microsoft Visual Studio Solution File, Format Version 12.00
# Visual Studio Version 16
VisualStudioVersion = 16.0.30717.126
MinimumVisualStudioVersion = 10.0.40219.1
Project("{FAE04EC0-301F-11D3-BF4B-00C04F79EFBC}") = "BeerLib", "BeerLib\BeerLib.csproj", "{118A3386-AE70-4923-83BC-2A743BACCFB0}"
EndProject
Project("{FAE04EC0-301F-11D3-BF4B-00C04F79EFBC}") = "BeerLibTests1", "BeerLibTests1\BeerLibTests1.csproj", "{A5AC7D28-85FA-4012-9F27-19AF133373B0}"
EndProject
Global
	GlobalSection(SolutionConfigurationPlatforms) = preSolution
		Debug|Any CPU = Debug|Any CPU
		Release|Any CPU = Release|Any CPU
	EndGlobalSection
	GlobalSection(ProjectConfigurationPlatforms) = postSolution
		{118A3386-AE70-4923-83BC-2A743BACCFB0}.Debug|Any CPU.ActiveCfg = Debug|Any CPU
		{118A3386-AE70-4923-83BC-2A743BACCFB0}.Debug|Any CPU.Build.0 = Debug|Any CPU
		{118A3386-AE70-4923-83BC-2A743BACCFB0}.Release|Any CPU.ActiveCfg = Release|Any CPU
		{118A3386-AE70-4923-83BC-2A743BACCFB0}.Release|Any CPU.Build.0 = Release|Any CPU
		{A5AC7D28-85FA-4012-9F27-19AF133373B0}.Debug|Any CPU.ActiveCfg = Debug|Any CPU
		{A5AC7D28-85FA-4012-9F27-19AF133373B0}.Debug|Any CPU.Build.0 = Debug|Any CPU
		{A5AC7D28-85FA-4012-9F27-19AF133373B0}.Release|Any CPU.ActiveCfg = Release|Any CPU
		{A5AC7D28-85FA-4012-9F27-19AF133373B0}.Release|Any CPU.Build.0 = Release|Any CPU
	EndGlobalSection
	GlobalSection(SolutionProperties) = preSolution
		HideSolutionNode = FALSE
	EndGlobalSection
	GlobalSection(ExtensibilityGlobals) = postSolution
		SolutionGuid = {F3717C7A-BDC4-4807-AB11-F003DDB6B04C}
	EndGlobalSection
EndGlobal
